
Microsoft Visual Studio Solution File, Format Version 12.00
# Visual Studio Version 17
VisualStudioVersion = 17.6.33829.357
MinimumVisualStudioVersion = 10.0.40219.1
Project("{9A19103F-16F7-4668-BE54-9A1E7A4F7556}") = "InvestmentPortal", "InvestmentPortal.csproj", "{D724A98C-C8FD-4813-967D-32493D00A859}"
EndProject
Project("{9A19103F-16F7-4668-BE54-9A1E7A4F7556}") = "Application", "..\Application\Application.csproj", "{EA9CF412-6275-40CC-89FF-41682B3391F4}"
	ProjectSection(ProjectDependencies) = postProject
		{4EA75BFB-B4D0-4116-80F5-B9D1345C7D10} = {4EA75BFB-B4D0-4116-80F5-B9D1345C7D10}
		{4F25FFB6-B48A-4603-986B-F87D0F7739C3} = {4F25FFB6-B48A-4603-986B-F87D0F7739C3}
	EndProjectSection
EndProject
Project("{9A19103F-16F7-4668-BE54-9A1E7A4F7556}") = "Infrastructure", "..\Infrastructure\Infrastructure.csproj", "{4EA75BFB-B4D0-4116-80F5-B9D1345C7D10}"
EndProject
Project("{9A19103F-16F7-4668-BE54-9A1E7A4F7556}") = "Domain", "..\Domain\Domain.csproj", "{4F25FFB6-B48A-4603-986B-F87D0F7739C3}"
EndProject
Global
	GlobalSection(SolutionConfigurationPlatforms) = preSolution
		Debug|Any CPU = Debug|Any CPU
		Release|Any CPU = Release|Any CPU
	EndGlobalSection
	GlobalSection(ProjectConfigurationPlatforms) = postSolution
		{D724A98C-C8FD-4813-967D-32493D00A859}.Debug|Any CPU.ActiveCfg = Debug|Any CPU
		{D724A98C-C8FD-4813-967D-32493D00A859}.Debug|Any CPU.Build.0 = Debug|Any CPU
		{D724A98C-C8FD-4813-967D-32493D00A859}.Release|Any CPU.ActiveCfg = Release|Any CPU
		{D724A98C-C8FD-4813-967D-32493D00A859}.Release|Any CPU.Build.0 = Release|Any CPU
		{EA9CF412-6275-40CC-89FF-41682B3391F4}.Debug|Any CPU.ActiveCfg = Debug|Any CPU
		{EA9CF412-6275-40CC-89FF-41682B3391F4}.Debug|Any CPU.Build.0 = Debug|Any CPU
		{EA9CF412-6275-40CC-89FF-41682B3391F4}.Release|Any CPU.ActiveCfg = Release|Any CPU
		{EA9CF412-6275-40CC-89FF-41682B3391F4}.Release|Any CPU.Build.0 = Release|Any CPU
		{4EA75BFB-B4D0-4116-80F5-B9D1345C7D10}.Debug|Any CPU.ActiveCfg = Debug|Any CPU
		{4EA75BFB-B4D0-4116-80F5-B9D1345C7D10}.Debug|Any CPU.Build.0 = Debug|Any CPU
		{4EA75BFB-B4D0-4116-80F5-B9D1345C7D10}.Release|Any CPU.ActiveCfg = Release|Any CPU
		{4EA75BFB-B4D0-4116-80F5-B9D1345C7D10}.Release|Any CPU.Build.0 = Release|Any CPU
		{4F25FFB6-B48A-4603-986B-F87D0F7739C3}.Debug|Any CPU.ActiveCfg = Debug|Any CPU
		{4F25FFB6-B48A-4603-986B-F87D0F7739C3}.Debug|Any CPU.Build.0 = Debug|Any CPU
		{4F25FFB6-B48A-4603-986B-F87D0F7739C3}.Release|Any CPU.ActiveCfg = Release|Any CPU
		{4F25FFB6-B48A-4603-986B-F87D0F7739C3}.Release|Any CPU.Build.0 = Release|Any CPU
	EndGlobalSection
	GlobalSection(SolutionProperties) = preSolution
		HideSolutionNode = FALSE
	EndGlobalSection
	GlobalSection(ExtensibilityGlobals) = postSolution
		SolutionGuid = {A742DEBF-3D46-45D7-9143-2AF7504CDF15}
	EndGlobalSection
EndGlobal
